// !$*UTF8*$!
{
	archiveVersion = 1;
	classes = {
	};
	objectVersion = 77;
	objects = {

/* Begin PBXBuildFile section */
		F2753C2D2D2552E600F470A0 /* NavigationDestination.swift in Sources */ = {isa = PBXBuildFile; fileRef = F2753C2B2D2552E600F470A0 /* NavigationDestination.swift */; };
		F2753C312D2552E600F470A0 /* Controlls.swift in Sources */ = {isa = PBXBuildFile; fileRef = F2753C302D2552E600F470A0 /* Controlls.swift */; };
		F2753CB92D2562E900F470A0 /* DocumentationLinkView.swift in Sources */ = {isa = PBXBuildFile; fileRef = F2753CB52D2562E900F470A0 /* DocumentationLinkView.swift */; };
		F2753CBA2D2562E900F470A0 /* FontTextStylePicker.swift in Sources */ = {isa = PBXBuildFile; fileRef = F2753CB62D2562E900F470A0 /* FontTextStylePicker.swift */; };
		F2753CBB2D2562E900F470A0 /* WebView.swift in Sources */ = {isa = PBXBuildFile; fileRef = F2753CB72D2562E900F470A0 /* WebView.swift */; };
		F2753CC02D2562E900F470A0 /* ButtonFontModifier.swift in Sources */ = {isa = PBXBuildFile; fileRef = F2753CBC2D2562E900F470A0 /* ButtonFontModifier.swift */; };
		F2753CC12D2562E900F470A0 /* ListSectionFontModifier.swift in Sources */ = {isa = PBXBuildFile; fileRef = F2753CBD2D2562E900F470A0 /* ListSectionFontModifier.swift */; };
		F2753CC22D2562E900F470A0 /* RoundedBordersModifier.swift in Sources */ = {isa = PBXBuildFile; fileRef = F2753CBE2D2562E900F470A0 /* RoundedBordersModifier.swift */; };
		F2753CC52D2562E900F470A0 /* ButtonView.swift in Sources */ = {isa = PBXBuildFile; fileRef = F2753CC32D2562E900F470A0 /* ButtonView.swift */; };
		F2B5AA2D2D2515440011787A /* Assets.xcassets in Resources */ = {isa = PBXBuildFile; fileRef = F2B5AA252D2515440011787A /* Assets.xcassets */; };
		F2B5AA2E2D2515440011787A /* Preview Assets.xcassets in Resources */ = {isa = PBXBuildFile; fileRef = F2B5AA272D2515440011787A /* Preview Assets.xcassets */; };
		F2B5AA352D2515630011787A /* SwiftUICatelogApp.swift in Sources */ = {isa = PBXBuildFile; fileRef = F2B5AA332D2515630011787A /* SwiftUICatelogApp.swift */; };
		F2B5AA5C2D25342A0011787A /* Links.swift in Sources */ = {isa = PBXBuildFile; fileRef = F2B5AA5B2D25342A0011787A /* Links.swift */; };
		F2B5AA5E2D25365A0011787A /* HomeView.swift in Sources */ = {isa = PBXBuildFile; fileRef = F2B5AA5D2D25365A0011787A /* HomeView.swift */; };
/* End PBXBuildFile section */

/* Begin PBXFileReference section */
		F2753C2B2D2552E600F470A0 /* NavigationDestination.swift */ = {isa = PBXFileReference; lastKnownFileType = sourcecode.swift; path = NavigationDestination.swift; sourceTree = "<group>"; };
		F2753C302D2552E600F470A0 /* Controlls.swift */ = {isa = PBXFileReference; lastKnownFileType = sourcecode.swift; path = Controlls.swift; sourceTree = "<group>"; };
		F2753CB52D2562E900F470A0 /* DocumentationLinkView.swift */ = {isa = PBXFileReference; lastKnownFileType = sourcecode.swift; path = DocumentationLinkView.swift; sourceTree = "<group>"; };
		F2753CB62D2562E900F470A0 /* FontTextStylePicker.swift */ = {isa = PBXFileReference; lastKnownFileType = sourcecode.swift; path = FontTextStylePicker.swift; sourceTree = "<group>"; };
		F2753CB72D2562E900F470A0 /* WebView.swift */ = {isa = PBXFileReference; lastKnownFileType = sourcecode.swift; path = WebView.swift; sourceTree = "<group>"; };
		F2753CBC2D2562E900F470A0 /* ButtonFontModifier.swift */ = {isa = PBXFileReference; lastKnownFileType = sourcecode.swift; path = ButtonFontModifier.swift; sourceTree = "<group>"; };
		F2753CBD2D2562E900F470A0 /* ListSectionFontModifier.swift */ = {isa = PBXFileReference; lastKnownFileType = sourcecode.swift; path = ListSectionFontModifier.swift; sourceTree = "<group>"; };
		F2753CBE2D2562E900F470A0 /* RoundedBordersModifier.swift */ = {isa = PBXFileReference; lastKnownFileType = sourcecode.swift; path = RoundedBordersModifier.swift; sourceTree = "<group>"; };
		F2753CC32D2562E900F470A0 /* ButtonView.swift */ = {isa = PBXFileReference; lastKnownFileType = sourcecode.swift; path = ButtonView.swift; sourceTree = "<group>"; };
		F2B5AA252D2515440011787A /* Assets.xcassets */ = {isa = PBXFileReference; lastKnownFileType = folder.assetcatalog; path = Assets.xcassets; sourceTree = "<group>"; };
		F2B5AA272D2515440011787A /* Preview Assets.xcassets */ = {isa = PBXFileReference; lastKnownFileType = folder.assetcatalog; path = "Preview Assets.xcassets"; sourceTree = "<group>"; };
		F2B5AA332D2515630011787A /* SwiftUICatelogApp.swift */ = {isa = PBXFileReference; lastKnownFileType = sourcecode.swift; path = SwiftUICatelogApp.swift; sourceTree = "<group>"; };
		F2B5AA582D252F770011787A /* Info.plist */ = {isa = PBXFileReference; lastKnownFileType = text.plist.xml; path = Info.plist; sourceTree = "<group>"; };
		F2B5AA5B2D25342A0011787A /* Links.swift */ = {isa = PBXFileReference; lastKnownFileType = sourcecode.swift; path = Links.swift; sourceTree = "<group>"; };
		F2B5AA5D2D25365A0011787A /* HomeView.swift */ = {isa = PBXFileReference; lastKnownFileType = sourcecode.swift; path = HomeView.swift; sourceTree = "<group>"; };
		F2B5AA5F2D25368F0011787A /* SwiftUICatelog.app */ = {isa = PBXFileReference; explicitFileType = wrapper.application; includeInIndex = 0; path = SwiftUICatelog.app; sourceTree = BUILT_PRODUCTS_DIR; };
/* End PBXFileReference section */

/* Begin PBXFileSystemSynchronizedRootGroup section */
		F2B5AA5A2D25310E0011787A /* JSON */ = {
			isa = PBXFileSystemSynchronizedRootGroup;
			path = JSON;
			sourceTree = "<group>";
		};
/* End PBXFileSystemSynchronizedRootGroup section */

/* Begin PBXFrameworksBuildPhase section */
		F2B5A9CD2D2507880011787A /* Frameworks */ = {
			isa = PBXFrameworksBuildPhase;
			buildActionMask = 2147483647;
			files = (
			);
			runOnlyForDeploymentPostprocessing = 0;
		};
/* End PBXFrameworksBuildPhase section */

/* Begin PBXGroup section */
		F2753CB82D2562E900F470A0 /* Shared Views */ = {
			isa = PBXGroup;
			children = (
				F2753CB52D2562E900F470A0 /* DocumentationLinkView.swift */,
				F2753CB62D2562E900F470A0 /* FontTextStylePicker.swift */,
				F2753CB72D2562E900F470A0 /* WebView.swift */,
			);
			path = "Shared Views";
			sourceTree = "<group>";
		};
		F2753CBF2D2562E900F470A0 /* Modifiers */ = {
			isa = PBXGroup;
			children = (
				F2753CBC2D2562E900F470A0 /* ButtonFontModifier.swift */,
				F2753CBD2D2562E900F470A0 /* ListSectionFontModifier.swift */,
				F2753CBE2D2562E900F470A0 /* RoundedBordersModifier.swift */,
			);
			path = Modifiers;
			sourceTree = "<group>";
		};
		F2753CC42D2562E900F470A0 /* Controlls */ = {
			isa = PBXGroup;
			children = (
				F2753CC32D2562E900F470A0 /* ButtonView.swift */,
			);
			path = Controlls;
			sourceTree = "<group>";
		};
		F2B5A9C72D2507880011787A = {
			isa = PBXGroup;
			children = (
				F2B5AA2C2D2515440011787A /* SwiftUICatelog */,
				F2B5AA5F2D25368F0011787A /* SwiftUICatelog.app */,
			);
			sourceTree = "<group>";
		};
		F2B5AA262D2515440011787A /* Resources */ = {
			isa = PBXGroup;
			children = (
				F2B5AA5A2D25310E0011787A /* JSON */,
				F2B5AA252D2515440011787A /* Assets.xcassets */,
			);
			path = Resources;
			sourceTree = "<group>";
		};
		F2B5AA282D2515440011787A /* Preview Content */ = {
			isa = PBXGroup;
			children = (
				F2B5AA272D2515440011787A /* Preview Assets.xcassets */,
			);
			path = "Preview Content";
			sourceTree = "<group>";
		};
		F2B5AA292D2515440011787A /* Supporting File's */ = {
			isa = PBXGroup;
			children = (
				F2B5AA282D2515440011787A /* Preview Content */,
				F2B5AA582D252F770011787A /* Info.plist */,
			);
			path = "Supporting File's";
			sourceTree = "<group>";
		};
		F2B5AA2C2D2515440011787A /* SwiftUICatelog */ = {
			isa = PBXGroup;
			children = (
				F2B5AA342D2515630011787A /* App */,
				F2B5AA372D2515AF0011787A /* Modules */,
				F2753CBF2D2562E900F470A0 /* Modifiers */,
				F2B5AA262D2515440011787A /* Resources */,
				F2B5AA292D2515440011787A /* Supporting File's */,
			);
			path = SwiftUICatelog;
			sourceTree = "<group>";
		};
		F2B5AA342D2515630011787A /* App */ = {
			isa = PBXGroup;
			children = (
				F2B5AA332D2515630011787A /* SwiftUICatelogApp.swift */,
				F2B5AA5B2D25342A0011787A /* Links.swift */,
			);
			path = App;
			sourceTree = "<group>";
		};
		F2B5AA372D2515AF0011787A /* Modules */ = {
			isa = PBXGroup;
			children = (
				F2753C2B2D2552E600F470A0 /* NavigationDestination.swift */,
				F2753CB82D2562E900F470A0 /* Shared Views */,
				F2753CC42D2562E900F470A0 /* Controlls */,
				F2B5AA442D2517810011787A /* Home */,
			);
			path = Modules;
			sourceTree = "<group>";
		};
		F2B5AA402D2517810011787A /* Model */ = {
			isa = PBXGroup;
			children = (
				F2753C302D2552E600F470A0 /* Controlls.swift */,
			);
			path = Model;
			sourceTree = "<group>";
		};
		F2B5AA422D2517810011787A /* View */ = {
			isa = PBXGroup;
			children = (
				F2B5AA5D2D25365A0011787A /* HomeView.swift */,
			);
			path = View;
			sourceTree = "<group>";
		};
		F2B5AA432D2517810011787A /* ViewModel */ = {
			isa = PBXGroup;
			children = (
			);
			path = ViewModel;
			sourceTree = "<group>";
		};
		F2B5AA442D2517810011787A /* Home */ = {
			isa = PBXGroup;
			children = (
				F2B5AA402D2517810011787A /* Model */,
				F2B5AA422D2517810011787A /* View */,
				F2B5AA432D2517810011787A /* ViewModel */,
			);
			path = Home;
			sourceTree = "<group>";
		};
/* End PBXGroup section */

/* Begin PBXNativeTarget section */
		F2B5A9CF2D2507880011787A /* SwiftUICatelog */ = {
			isa = PBXNativeTarget;
			buildConfigurationList = F2B5A9DE2D25078A0011787A /* Build configuration list for PBXNativeTarget "SwiftUICatelog" */;
			buildPhases = (
				F2B5A9CC2D2507880011787A /* Sources */,
				F2B5A9CD2D2507880011787A /* Frameworks */,
				F2B5A9CE2D2507880011787A /* Resources */,
			);
			buildRules = (
			);
			dependencies = (
			);
			fileSystemSynchronizedGroups = (
				F2B5AA5A2D25310E0011787A /* JSON */,
			);
			name = SwiftUICatelog;
			packageProductDependencies = (
			);
			productName = SwiftUICatelog;
			productReference = F2B5AA5F2D25368F0011787A /* SwiftUICatelog.app */;
			productType = "com.apple.product-type.application";
		};
/* End PBXNativeTarget section */

/* Begin PBXProject section */
		F2B5A9C82D2507880011787A /* Project object */ = {
			isa = PBXProject;
			attributes = {
				BuildIndependentTargetsInParallel = 1;
				LastSwiftUpdateCheck = 1620;
				LastUpgradeCheck = 1620;
				TargetAttributes = {
					F2B5A9CF2D2507880011787A = {
						CreatedOnToolsVersion = 16.2;
					};
				};
			};
			buildConfigurationList = F2B5A9CB2D2507880011787A /* Build configuration list for PBXProject "SwiftUICatelog" */;
			developmentRegion = en;
			hasScannedForEncodings = 0;
			knownRegions = (
				en,
				Base,
			);
			mainGroup = F2B5A9C72D2507880011787A;
			minimizedProjectReferenceProxies = 1;
			preferredProjectObjectVersion = 77;
			productRefGroup = F2B5A9C72D2507880011787A;
			projectDirPath = "";
			projectRoot = "";
			targets = (
				F2B5A9CF2D2507880011787A /* SwiftUICatelog */,
			);
		};
/* End PBXProject section */

/* Begin PBXResourcesBuildPhase section */
		F2B5A9CE2D2507880011787A /* Resources */ = {
			isa = PBXResourcesBuildPhase;
			buildActionMask = 2147483647;
			files = (
				F2B5AA2D2D2515440011787A /* Assets.xcassets in Resources */,
				F2B5AA2E2D2515440011787A /* Preview Assets.xcassets in Resources */,
			);
			runOnlyForDeploymentPostprocessing = 0;
		};
/* End PBXResourcesBuildPhase section */

/* Begin PBXSourcesBuildPhase section */
		F2B5A9CC2D2507880011787A /* Sources */ = {
			isa = PBXSourcesBuildPhase;
			buildActionMask = 2147483647;
			files = (
				F2753CC02D2562E900F470A0 /* ButtonFontModifier.swift in Sources */,
				F2753CC12D2562E900F470A0 /* ListSectionFontModifier.swift in Sources */,
				F2753CC52D2562E900F470A0 /* ButtonView.swift in Sources */,
				F2753CC22D2562E900F470A0 /* RoundedBordersModifier.swift in Sources */,
				F2B5AA352D2515630011787A /* SwiftUICatelogApp.swift in Sources */,
				F2753C2D2D2552E600F470A0 /* NavigationDestination.swift in Sources */,
				F2B5AA5E2D25365A0011787A /* HomeView.swift in Sources */,
				F2753CB92D2562E900F470A0 /* DocumentationLinkView.swift in Sources */,
				F2753CBA2D2562E900F470A0 /* FontTextStylePicker.swift in Sources */,
				F2753CBB2D2562E900F470A0 /* WebView.swift in Sources */,
				F2B5AA5C2D25342A0011787A /* Links.swift in Sources */,
				F2753C312D2552E600F470A0 /* Controlls.swift in Sources */,
			);
			runOnlyForDeploymentPostprocessing = 0;
		};
/* End PBXSourcesBuildPhase section */

/* Begin XCBuildConfiguration section */
		F2B5A9DC2D25078A0011787A /* Debug */ = {
			isa = XCBuildConfiguration;
			buildSettings = {
				ALWAYS_SEARCH_USER_PATHS = NO;
				ASSETCATALOG_COMPILER_GENERATE_SWIFT_ASSET_SYMBOL_EXTENSIONS = YES;
				CLANG_ANALYZER_NONNULL = YES;
				CLANG_ANALYZER_NUMBER_OBJECT_CONVERSION = YES_AGGRESSIVE;
				CLANG_CXX_LANGUAGE_STANDARD = "gnu++20";
				CLANG_ENABLE_MODULES = YES;
				CLANG_ENABLE_OBJC_ARC = YES;
				CLANG_ENABLE_OBJC_WEAK = YES;
				CLANG_WARN_BLOCK_CAPTURE_AUTORELEASING = YES;
				CLANG_WARN_BOOL_CONVERSION = YES;
				CLANG_WARN_COMMA = YES;
				CLANG_WARN_CONSTANT_CONVERSION = YES;
				CLANG_WARN_DEPRECATED_OBJC_IMPLEMENTATIONS = YES;
				CLANG_WARN_DIRECT_OBJC_ISA_USAGE = YES_ERROR;
				CLANG_WARN_DOCUMENTATION_COMMENTS = YES;
				CLANG_WARN_EMPTY_BODY = YES;
				CLANG_WARN_ENUM_CONVERSION = YES;
				CLANG_WARN_INFINITE_RECURSION = YES;
				CLANG_WARN_INT_CONVERSION = YES;
				CLANG_WARN_NON_LITERAL_NULL_CONVERSION = YES;
				CLANG_WARN_OBJC_IMPLICIT_RETAIN_SELF = YES;
				CLANG_WARN_OBJC_LITERAL_CONVERSION = YES;
				CLANG_WARN_OBJC_ROOT_CLASS = YES_ERROR;
				CLANG_WARN_QUOTED_INCLUDE_IN_FRAMEWORK_HEADER = YES;
				CLANG_WARN_RANGE_LOOP_ANALYSIS = YES;
				CLANG_WARN_STRICT_PROTOTYPES = YES;
				CLANG_WARN_SUSPICIOUS_MOVE = YES;
				CLANG_WARN_UNGUARDED_AVAILABILITY = YES_AGGRESSIVE;
				CLANG_WARN_UNREACHABLE_CODE = YES;
				CLANG_WARN__DUPLICATE_METHOD_MATCH = YES;
				COPY_PHASE_STRIP = NO;
				DEBUG_INFORMATION_FORMAT = dwarf;
				ENABLE_STRICT_OBJC_MSGSEND = YES;
				ENABLE_TESTABILITY = YES;
				ENABLE_USER_SCRIPT_SANDBOXING = YES;
				GCC_C_LANGUAGE_STANDARD = gnu17;
				GCC_DYNAMIC_NO_PIC = NO;
				GCC_NO_COMMON_BLOCKS = YES;
				GCC_OPTIMIZATION_LEVEL = 0;
				GCC_PREPROCESSOR_DEFINITIONS = (
					"DEBUG=1",
					"$(inherited)",
				);
				GCC_WARN_64_TO_32_BIT_CONVERSION = YES;
				GCC_WARN_ABOUT_RETURN_TYPE = YES_ERROR;
				GCC_WARN_UNDECLARED_SELECTOR = YES;
				GCC_WARN_UNINITIALIZED_AUTOS = YES_AGGRESSIVE;
				GCC_WARN_UNUSED_FUNCTION = YES;
				GCC_WARN_UNUSED_VARIABLE = YES;
				IPHONEOS_DEPLOYMENT_TARGET = 18.2;
				LOCALIZATION_PREFERS_STRING_CATALOGS = YES;
				MTL_ENABLE_DEBUG_INFO = INCLUDE_SOURCE;
				MTL_FAST_MATH = YES;
				ONLY_ACTIVE_ARCH = YES;
				SDKROOT = iphoneos;
				SWIFT_ACTIVE_COMPILATION_CONDITIONS = "DEBUG $(inherited)";
				SWIFT_OPTIMIZATION_LEVEL = "-Onone";
			};
			name = Debug;
		};
		F2B5A9DD2D25078A0011787A /* Release */ = {
			isa = XCBuildConfiguration;
			buildSettings = {
				ALWAYS_SEARCH_USER_PATHS = NO;
				ASSETCATALOG_COMPILER_GENERATE_SWIFT_ASSET_SYMBOL_EXTENSIONS = YES;
				CLANG_ANALYZER_NONNULL = YES;
				CLANG_ANALYZER_NUMBER_OBJECT_CONVERSION = YES_AGGRESSIVE;
				CLANG_CXX_LANGUAGE_STANDARD = "gnu++20";
				CLANG_ENABLE_MODULES = YES;
				CLANG_ENABLE_OBJC_ARC = YES;
				CLANG_ENABLE_OBJC_WEAK = YES;
				CLANG_WARN_BLOCK_CAPTURE_AUTORELEASING = YES;
				CLANG_WARN_BOOL_CONVERSION = YES;
				CLANG_WARN_COMMA = YES;
				CLANG_WARN_CONSTANT_CONVERSION = YES;
				CLANG_WARN_DEPRECATED_OBJC_IMPLEMENTATIONS = YES;
				CLANG_WARN_DIRECT_OBJC_ISA_USAGE = YES_ERROR;
				CLANG_WARN_DOCUMENTATION_COMMENTS = YES;
				CLANG_WARN_EMPTY_BODY = YES;
				CLANG_WARN_ENUM_CONVERSION = YES;
				CLANG_WARN_INFINITE_RECURSION = YES;
				CLANG_WARN_INT_CONVERSION = YES;
				CLANG_WARN_NON_LITERAL_NULL_CONVERSION = YES;
				CLANG_WARN_OBJC_IMPLICIT_RETAIN_SELF = YES;
				CLANG_WARN_OBJC_LITERAL_CONVERSION = YES;
				CLANG_WARN_OBJC_ROOT_CLASS = YES_ERROR;
				CLANG_WARN_QUOTED_INCLUDE_IN_FRAMEWORK_HEADER = YES;
				CLANG_WARN_RANGE_LOOP_ANALYSIS = YES;
				CLANG_WARN_STRICT_PROTOTYPES = YES;
				CLANG_WARN_SUSPICIOUS_MOVE = YES;
				CLANG_WARN_UNGUARDED_AVAILABILITY = YES_AGGRESSIVE;
				CLANG_WARN_UNREACHABLE_CODE = YES;
				CLANG_WARN__DUPLICATE_METHOD_MATCH = YES;
				COPY_PHASE_STRIP = NO;
				DEBUG_INFORMATION_FORMAT = "dwarf-with-dsym";
				ENABLE_NS_ASSERTIONS = NO;
				ENABLE_STRICT_OBJC_MSGSEND = YES;
				ENABLE_USER_SCRIPT_SANDBOXING = YES;
				GCC_C_LANGUAGE_STANDARD = gnu17;
				GCC_NO_COMMON_BLOCKS = YES;
				GCC_WARN_64_TO_32_BIT_CONVERSION = YES;
				GCC_WARN_ABOUT_RETURN_TYPE = YES_ERROR;
				GCC_WARN_UNDECLARED_SELECTOR = YES;
				GCC_WARN_UNINITIALIZED_AUTOS = YES_AGGRESSIVE;
				GCC_WARN_UNUSED_FUNCTION = YES;
				GCC_WARN_UNUSED_VARIABLE = YES;
				IPHONEOS_DEPLOYMENT_TARGET = 18.2;
				LOCALIZATION_PREFERS_STRING_CATALOGS = YES;
				MTL_ENABLE_DEBUG_INFO = NO;
				MTL_FAST_MATH = YES;
				SDKROOT = iphoneos;
				SWIFT_COMPILATION_MODE = wholemodule;
				VALIDATE_PRODUCT = YES;
			};
			name = Release;
		};
		F2B5A9DF2D25078A0011787A /* Debug */ = {
			isa = XCBuildConfiguration;
			buildSettings = {
				ASSETCATALOG_COMPILER_APPICON_NAME = AppIcon;
				ASSETCATALOG_COMPILER_GLOBAL_ACCENT_COLOR_NAME = AccentColor;
				CODE_SIGN_STYLE = Automatic;
				CURRENT_PROJECT_VERSION = 1;
				DEVELOPMENT_ASSET_PATHS = "\"SwiftUICatelog/Supporting File's/Preview Content\"";
				DEVELOPMENT_TEAM = 7RC8RLSUKW;
				ENABLE_PREVIEWS = YES;
				GENERATE_INFOPLIST_FILE = YES;
				INFOPLIST_FILE = "SwiftUICatelog/Supporting File's/Info.plist";
				INFOPLIST_KEY_UIApplicationSceneManifest_Generation = YES;
				INFOPLIST_KEY_UIApplicationSupportsIndirectInputEvents = YES;
				INFOPLIST_KEY_UISupportedInterfaceOrientations_iPad = "UIInterfaceOrientationPortrait UIInterfaceOrientationPortraitUpsideDown UIInterfaceOrientationLandscapeLeft UIInterfaceOrientationLandscapeRight";
				INFOPLIST_KEY_UISupportedInterfaceOrientations_iPhone = "UIInterfaceOrientationPortrait UIInterfaceOrientationLandscapeLeft UIInterfaceOrientationLandscapeRight";
				IPHONEOS_DEPLOYMENT_TARGET = 18.0;
				LD_RUNPATH_SEARCH_PATHS = (
					"$(inherited)",
					"@executable_path/Frameworks",
				);
				MARKETING_VERSION = 1.0;
				PRODUCT_BUNDLE_IDENTIFIER = com.sudhir.SwiftUICatelog;
				PRODUCT_NAME = "$(TARGET_NAME)";
				SWIFT_EMIT_LOC_STRINGS = YES;
				SWIFT_VERSION = 5.0;
				TARGETED_DEVICE_FAMILY = "1,2";
			};
			name = Debug;
		};
		F2B5A9E02D25078A0011787A /* Release */ = {
			isa = XCBuildConfiguration;
			buildSettings = {
				ASSETCATALOG_COMPILER_APPICON_NAME = AppIcon;
				ASSETCATALOG_COMPILER_GLOBAL_ACCENT_COLOR_NAME = AccentColor;
				CODE_SIGN_STYLE = Automatic;
				CURRENT_PROJECT_VERSION = 1;
				DEVELOPMENT_ASSET_PATHS = "\"SwiftUICatelog/Supporting File's/Preview Content\"";
				DEVELOPMENT_TEAM = 7RC8RLSUKW;
				ENABLE_PREVIEWS = YES;
				GENERATE_INFOPLIST_FILE = YES;
				INFOPLIST_FILE = "SwiftUICatelog/Supporting File's/Info.plist";
				INFOPLIST_KEY_UIApplicationSceneManifest_Generation = YES;
				INFOPLIST_KEY_UIApplicationSupportsIndirectInputEvents = YES;
				INFOPLIST_KEY_UISupportedInterfaceOrientations_iPad = "UIInterfaceOrientationPortrait UIInterfaceOrientationPortraitUpsideDown UIInterfaceOrientationLandscapeLeft UIInterfaceOrientationLandscapeRight";
				INFOPLIST_KEY_UISupportedInterfaceOrientations_iPhone = "UIInterfaceOrientationPortrait UIInterfaceOrientationLandscapeLeft UIInterfaceOrientationLandscapeRight";
				IPHONEOS_DEPLOYMENT_TARGET = 18.0;
				LD_RUNPATH_SEARCH_PATHS = (
					"$(inherited)",
					"@executable_path/Frameworks",
				);
				MARKETING_VERSION = 1.0;
				PRODUCT_BUNDLE_IDENTIFIER = com.sudhir.SwiftUICatelog;
				PRODUCT_NAME = "$(TARGET_NAME)";
				SWIFT_EMIT_LOC_STRINGS = YES;
				SWIFT_VERSION = 5.0;
				TARGETED_DEVICE_FAMILY = "1,2";
			};
			name = Release;
		};
/* End XCBuildConfiguration section */

/* Begin XCConfigurationList section */
		F2B5A9CB2D2507880011787A /* Build configuration list for PBXProject "SwiftUICatelog" */ = {
			isa = XCConfigurationList;
			buildConfigurations = (
				F2B5A9DC2D25078A0011787A /* Debug */,
				F2B5A9DD2D25078A0011787A /* Release */,
			);
			defaultConfigurationIsVisible = 0;
			defaultConfigurationName = Release;
		};
		F2B5A9DE2D25078A0011787A /* Build configuration list for PBXNativeTarget "SwiftUICatelog" */ = {
			isa = XCConfigurationList;
			buildConfigurations = (
				F2B5A9DF2D25078A0011787A /* Debug */,
				F2B5A9E02D25078A0011787A /* Release */,
			);
			defaultConfigurationIsVisible = 0;
			defaultConfigurationName = Release;
		};
/* End XCConfigurationList section */
	};
	rootObject = F2B5A9C82D2507880011787A /* Project object */;
}
